
Microsoft Visual Studio Solution File, Format Version 12.00
# Visual Studio Version 17
VisualStudioVersion = 17.13.35919.96
MinimumVisualStudioVersion = 10.0.40219.1
Project("{FAE04EC0-301F-11D3-BF4B-00C04F79EFBC}") = "Sodexo.Demo.Web", "Sodexo.Demo.Web\Sodexo.Demo.Web.csproj", "{43F8ED89-5AF1-4650-A23A-439F9AAB898E}"
EndProject
Project("{FAE04EC0-301F-11D3-BF4B-00C04F79EFBC}") = "Sodexo.Demo.Tests", "Sodexo.Demo.Tests\Sodexo.Demo.Tests.csproj", "{AB24C99C-E261-4979-9CAD-EB67046EA182}"
EndProject
Global
	GlobalSection(SolutionConfigurationPlatforms) = preSolution
		Debug|Any CPU = Debug|Any CPU
		Debug|x64 = Debug|x64
		Debug|x86 = Debug|x86
		Release|Any CPU = Release|Any CPU
		Release|x64 = Release|x64
		Release|x86 = Release|x86
	EndGlobalSection
	GlobalSection(ProjectConfigurationPlatforms) = postSolution
		{43F8ED89-5AF1-4650-A23A-439F9AAB898E}.Debug|Any CPU.ActiveCfg = Debug|Any CPU
		{43F8ED89-5AF1-4650-A23A-439F9AAB898E}.Debug|Any CPU.Build.0 = Debug|Any CPU
		{43F8ED89-5AF1-4650-A23A-439F9AAB898E}.Debug|x64.ActiveCfg = Debug|Any CPU
		{43F8ED89-5AF1-4650-A23A-439F9AAB898E}.Debug|x64.Build.0 = Debug|Any CPU
		{43F8ED89-5AF1-4650-A23A-439F9AAB898E}.Debug|x86.ActiveCfg = Debug|Any CPU
		{43F8ED89-5AF1-4650-A23A-439F9AAB898E}.Debug|x86.Build.0 = Debug|Any CPU
		{43F8ED89-5AF1-4650-A23A-439F9AAB898E}.Release|Any CPU.ActiveCfg = Release|Any CPU
		{43F8ED89-5AF1-4650-A23A-439F9AAB898E}.Release|Any CPU.Build.0 = Release|Any CPU
		{43F8ED89-5AF1-4650-A23A-439F9AAB898E}.Release|x64.ActiveCfg = Release|Any CPU
		{43F8ED89-5AF1-4650-A23A-439F9AAB898E}.Release|x64.Build.0 = Release|Any CPU
		{43F8ED89-5AF1-4650-A23A-439F9AAB898E}.Release|x86.ActiveCfg = Release|Any CPU
		{43F8ED89-5AF1-4650-A23A-439F9AAB898E}.Release|x86.Build.0 = Release|Any CPU
		{AB24C99C-E261-4979-9CAD-EB67046EA182}.Debug|Any CPU.ActiveCfg = Debug|Any CPU
		{AB24C99C-E261-4979-9CAD-EB67046EA182}.Debug|Any CPU.Build.0 = Debug|Any CPU
		{AB24C99C-E261-4979-9CAD-EB67046EA182}.Debug|x64.ActiveCfg = Debug|Any CPU
		{AB24C99C-E261-4979-9CAD-EB67046EA182}.Debug|x64.Build.0 = Debug|Any CPU
		{AB24C99C-E261-4979-9CAD-EB67046EA182}.Debug|x86.ActiveCfg = Debug|Any CPU
		{AB24C99C-E261-4979-9CAD-EB67046EA182}.Debug|x86.Build.0 = Debug|Any CPU
		{AB24C99C-E261-4979-9CAD-EB67046EA182}.Release|Any CPU.ActiveCfg = Release|Any CPU
		{AB24C99C-E261-4979-9CAD-EB67046EA182}.Release|Any CPU.Build.0 = Release|Any CPU
		{AB24C99C-E261-4979-9CAD-EB67046EA182}.Release|x64.ActiveCfg = Release|Any CPU
		{AB24C99C-E261-4979-9CAD-EB67046EA182}.Release|x64.Build.0 = Release|Any CPU
		{AB24C99C-E261-4979-9CAD-EB67046EA182}.Release|x86.ActiveCfg = Release|Any CPU
		{AB24C99C-E261-4979-9CAD-EB67046EA182}.Release|x86.Build.0 = Release|Any CPU
	EndGlobalSection
	GlobalSection(SolutionProperties) = preSolution
		HideSolutionNode = FALSE
	EndGlobalSection
	GlobalSection(ExtensibilityGlobals) = postSolution
		SolutionGuid = {F23FF044-59CE-4F38-99A1-7A68A917DEAB}
	EndGlobalSection
EndGlobal
